{
  "nodes": {
    "flake-utils": {
      "inputs": {
        "systems": "systems"
      },
      "locked": {
        "lastModified": 1681202837,
        "narHash": "sha256-H+Rh19JDwRtpVPAWp64F+rlEtxUWBAQW28eAi3SRSzg=",
        "owner": "numtide",
        "repo": "flake-utils",
        "rev": "cfacdce06f30d2b68473a46042957675eebb3401",
        "type": "github"
      },
      "original": {
        "owner": "numtide",
        "repo": "flake-utils",
        "type": "github"
      }
    },
    "home-manager": {
      "inputs": {
        "nixpkgs": [
          "nixpkgs"
        ],
        "utils": "utils"
      },
      "locked": {
        "lastModified": 1670253003,
        "narHash": "sha256-/tJIy4+FbsQyslq1ipyicZ2psOEd8dvl4OJ9lfisjd0=",
        "owner": "nix-community",
        "repo": "home-manager",
        "rev": "0e8125916b420e41bf0d23a0aa33fadd0328beb3",
        "type": "github"
      },
      "original": {
        "owner": "nix-community",
        "ref": "release-22.11",
        "repo": "home-manager",
        "type": "github"
      }
    },
    "nixpkgs": {
      "locked": {
        "lastModified": 1671971468,
        "narHash": "sha256-dbToieyk3ym62lpO1ZZSPN+az/sBMmP05VAJcbb5PkM=",
        "owner": "nixos",
        "repo": "nixpkgs",
        "rev": "266927206388a73cb3dcfdc9bce73a381e3e1faf",
        "type": "github"
      },
      "original": {
        "owner": "nixos",
        "ref": "nixpkgs-22.11-darwin",
        "repo": "nixpkgs",
        "type": "github"
      }
    },
    "nvim-lspconfig": {
      "flake": false,
      "locked": {
        "lastModified": 1683093864,
        "narHash": "sha256-OkS6DAXkY40xkR+v1FZEL8ujMWM421ZQdB9My0vG3+Y=",
        "owner": "neovim",
        "repo": "nvim-lspconfig",
        "rev": "3bd4ca412982afa6f88bb7ef890660cee51c3e58",
        "type": "github"
      },
      "original": {
        "owner": "neovim",
        "repo": "nvim-lspconfig",
        "type": "github"
      }
    },
    "root": {
      "inputs": {
        "home-manager": "home-manager",
        "nixpkgs": "nixpkgs",
        "rust-overlay": "rust-overlay",
        "vim-plugins-overlay": "vim-plugins-overlay"
      }
    },
    "rust-overlay": {
      "inputs": {
        "flake-utils": "flake-utils",
        "nixpkgs": [
          "nixpkgs"
        ]
      },
      "locked": {
        "lastModified": 1682821181,
        "narHash": "sha256-7MYRqO9Ge46sULbQwJbcH/IMDNBdxCGUO9w7bEOc3CI=",
        "owner": "oxalica",
        "repo": "rust-overlay",
        "rev": "1be440e9119e69b68151cd9c84876ff3063a2e45",
        "type": "github"
      },
      "original": {
        "owner": "oxalica",
        "repo": "rust-overlay",
        "type": "github"
      }
    },
    "systems": {
      "locked": {
        "lastModified": 1681028828,
        "narHash": "sha256-Vy1rq5AaRuLzOxct8nz4T6wlgyUR7zLU309k9mBC768=",
        "owner": "nix-systems",
        "repo": "default",
        "rev": "da67096a3b9bf56a91d16901293e51ba5b49a27e",
        "type": "github"
      },
      "original": {
        "owner": "nix-systems",
        "repo": "default",
        "type": "github"
      }
    },
    "utils": {
      "locked": {
        "lastModified": 1667395993,
        "narHash": "sha256-nuEHfE/LcWyuSWnS8t12N1wc105Qtau+/OdUAjtQ0rA=",
        "owner": "numtide",
        "repo": "flake-utils",
        "rev": "5aed5285a952e0b949eb3ba02c12fa4fcfef535f",
        "type": "github"
      },
      "original": {
        "owner": "numtide",
        "repo": "flake-utils",
        "type": "github"
      }
    },
    "vim-ctrlsf": {
      "flake": false,
      "locked": {
        "lastModified": 1662087703,
        "narHash": "sha256-td8eE5t1t5xBAxYq19U5fQXMXS1ZIxAzl2Q6nsIRR6Q=",
        "owner": "dyng",
        "repo": "ctrlsf.vim",
        "rev": "32236a8b376d9311dec9b5fe795ca99d32060b13",
        "type": "github"
      },
      "original": {
        "owner": "dyng",
        "repo": "ctrlsf.vim",
        "type": "github"
      }
    },
    "vim-plugins-overlay": {
      "inputs": {
        "nvim-lspconfig": "nvim-lspconfig",
        "vim-ctrlsf": "vim-ctrlsf"
      },
      "locked": {
        "lastModified": 1,
        "narHash": "sha256-xYQ7cp/ZdhxiliALQCx7CfJOW1e2wndZA/D11iDmD7A=",
        "path": "./overlays/vim-plugins",
        "type": "path"
      },
      "original": {
        "path": "./overlays/vim-plugins",
        "type": "path"
      }
    }
  },
  "root": "root",
  "version": 7
}
