{
  "nodes": {
    "nix-fish": {
      "flake": false,
      "locked": {
        "lastModified": 1688477565,
        "narHash": "sha256-GMV0GyORJ8Tt2S9wTCo2lkkLtetYv0rc19aA5KJbo48=",
        "owner": "kidonng",
        "repo": "nix.fish",
        "rev": "ad57d970841ae4a24521b5b1a68121cf385ba71e",
        "type": "github"
      },
      "original": {
        "owner": "kidonng",
        "repo": "nix.fish",
        "type": "github"
      }
    },
    "replay": {
      "flake": false,
      "locked": {
        "lastModified": 1655689996,
        "narHash": "sha256-bM6+oAd/HXaVgpJMut8bwqO54Le33hwO9qet9paK1kY=",
        "owner": "jorgebucaran",
        "repo": "replay.fish",
        "rev": "bd8e5b89ec78313538e747f0292fcaf631e87bd2",
        "type": "github"
      },
      "original": {
        "owner": "jorgebucaran",
        "repo": "replay.fish",
        "type": "github"
      }
    },
    "root": {
      "inputs": {
        "nix-fish": "nix-fish",
        "replay": "replay"
      }
    }
  },
  "root": "root",
  "version": 7
}
