{
  "nodes": {
    "root": {
      "inputs": {
        "vim-ctrlsf": "vim-ctrlsf"
      }
    },
    "vim-ctrlsf": {
      "flake": false,
      "locked": {
        "lastModified": 1662087703,
        "narHash": "sha256-td8eE5t1t5xBAxYq19U5fQXMXS1ZIxAzl2Q6nsIRR6Q=",
        "owner": "dyng",
        "repo": "ctrlsf.vim",
        "rev": "32236a8b376d9311dec9b5fe795ca99d32060b13",
        "type": "github"
      },
      "original": {
        "owner": "dyng",
        "repo": "ctrlsf.vim",
        "type": "github"
      }
    }
  },
  "root": "root",
  "version": 7
}
