{
  "nodes": {
    "pico8-vim": {
      "flake": false,
      "locked": {
        "lastModified": 1668925966,
        "narHash": "sha256-XqPXzv7NXVBw9/KvCoUIMRQqCEVE8m70BmyQta8zr40=",
        "owner": "Bakudankun",
        "repo": "PICO-8.vim",
        "rev": "34f8442d29ccf7f42fc500a78348eb38cec1f2ce",
        "type": "github"
      },
      "original": {
        "owner": "Bakudankun",
        "repo": "PICO-8.vim",
        "type": "github"
      }
    },
    "root": {
      "inputs": {
        "pico8-vim": "pico8-vim",
        "vim-ctrlsf": "vim-ctrlsf"
      }
    },
    "vim-ctrlsf": {
      "flake": false,
      "locked": {
        "lastModified": 1662087703,
        "narHash": "sha256-td8eE5t1t5xBAxYq19U5fQXMXS1ZIxAzl2Q6nsIRR6Q=",
        "owner": "dyng",
        "repo": "ctrlsf.vim",
        "rev": "32236a8b376d9311dec9b5fe795ca99d32060b13",
        "type": "github"
      },
      "original": {
        "owner": "dyng",
        "repo": "ctrlsf.vim",
        "type": "github"
      }
    }
  },
  "root": "root",
  "version": 7
}
